{
  "originHash" : "509cd4c3579d6a4e712d3a69e3b493460973dc0adf875d4ef551ab6f5ef1c2bd",
  "pins" : [
    {
      "identity" : "essentials",
      "kind" : "remoteSourceControl",
      "location" : "https://gitlab.com/sergiy.vynnychenko/essentials.git",
      "state" : {
        "branch" : "master",
        "revision" : "7acea6957f97334fc12753ef40661a03183e1875"
      }
    },
    {
      "identity" : "moreswiftui",
      "kind" : "remoteSourceControl",
      "location" : "git@gitlab.com:UKS/moreswiftui.git",
      "state" : {
        "branch" : "main",
        "revision" : "5364e2c26ca73a3c7a7aeef2db04b8bf8fe4de21"
      }
    }
  ],
  "version" : 3
}
