{
  "originHash" : "eb0f1c9a84db73622bc2ec5c058e9678a489f098ee3283ac27dc6d18f55e1ac9",
  "pins" : [
    {
      "identity" : "essentials",
      "kind" : "remoteSourceControl",
      "location" : "https://gitlab.com/sergiy.vynnychenko/essentials.git",
      "state" : {
        "branch" : "master",
        "revision" : "7acea6957f97334fc12753ef40661a03183e1875"
      }
    },
    {
      "identity" : "moreswiftui",
      "kind" : "remoteSourceControl",
      "location" : "https://gitlab.com/UKS/moreswiftui.git",
      "state" : {
        "branch" : "main",
        "revision" : "5364e2c26ca73a3c7a7aeef2db04b8bf8fe4de21"
      }
    },
    {
      "identity" : "swift-collections",
      "kind" : "remoteSourceControl",
      "location" : "https://github.com/apple/swift-collections.git",
      "state" : {
        "revision" : "c1805596154bb3a265fd91b8ac0c4433b4348fb0",
        "version" : "1.2.0"
      }
    }
  ],
  "version" : 3
}
