// !$*UTF8*$!
{
	archiveVersion = 1;
	classes = {
	};
	objectVersion = 77;
	objects = {

/* Begin PBXBuildFile section */
		1D0F907B2E310769000AC5FF /* MoreSwiftUI in Frameworks */ = {isa = PBXBuildFile; productRef = 1D0F907A2E310769000AC5FF /* MoreSwiftUI */; };
		1D0F90802E360404000AC5FF /* EditableTitle.swift in Sources */ = {isa = PBXBuildFile; fileRef = 1D0F907F2E360403000AC5FF /* EditableTitle.swift */; };
		1DB8ED3A2E10355F006561BD /* Preview Assets.xcassets in Resources */ = {isa = PBXBuildFile; fileRef = 1DB8ED312E10355F006561BD /* Preview Assets.xcassets */; };
		1DB8ED3B2E10355F006561BD /* Assets.xcassets in Resources */ = {isa = PBXBuildFile; fileRef = 1DB8ED352E10355F006561BD /* Assets.xcassets */; };
		1DB8ED3C2E10355F006561BD /* KBCardID.swift in Sources */ = {isa = PBXBuildFile; fileRef = 1DB8ED262E10355F006561BD /* KBCardID.swift */; };
		1DB8ED3D2E10355F006561BD /* KBoardID.swift in Sources */ = {isa = PBXBuildFile; fileRef = 1DB8ED272E10355F006561BD /* KBoardID.swift */; };
		1DB8ED3E2E10355F006561BD /* KBUserID.swift in Sources */ = {isa = PBXBuildFile; fileRef = 1DB8ED282E10355F006561BD /* KBUserID.swift */; };
		1DB8ED3F2E10355F006561BD /* KBCard.swift in Sources */ = {isa = PBXBuildFile; fileRef = 1DB8ED2B2E10355F006561BD /* KBCard.swift */; };
		1DB8ED402E10355F006561BD /* KBCell.swift in Sources */ = {isa = PBXBuildFile; fileRef = 1DB8ED2C2E10355F006561BD /* KBCell.swift */; };
		1DB8ED422E10355F006561BD /* KBoard.swift in Sources */ = {isa = PBXBuildFile; fileRef = 1DB8ED2E2E10355F006561BD /* KBoard.swift */; };
		1DB8ED432E10355F006561BD /* KBUser.swift in Sources */ = {isa = PBXBuildFile; fileRef = 1DB8ED2F2E10355F006561BD /* KBUser.swift */; };
		1DB8ED442E10355F006561BD /* KBCardView.swift in Sources */ = {isa = PBXBuildFile; fileRef = 1DB8ED332E10355F006561BD /* KBCardView.swift */; };
		1DB8ED452E10355F006561BD /* ProjView.swift in Sources */ = {isa = PBXBuildFile; fileRef = 1DB8ED362E10355F006561BD /* ProjView.swift */; };
		1DB8ED462E10355F006561BD /* KanbanBoardApp.swift in Sources */ = {isa = PBXBuildFile; fileRef = 1DB8ED382E10355F006561BD /* KanbanBoardApp.swift */; };
		1DB8ED492E10356E006561BD /* KBoardID.storage.swift in Sources */ = {isa = PBXBuildFile; fileRef = 1DB8ED482E10356C006561BD /* KBoardID.storage.swift */; };
		1DB8ED4B2E1035C9006561BD /* ProjID.storage.swift in Sources */ = {isa = PBXBuildFile; fileRef = 1DB8ED4A2E1035C4006561BD /* ProjID.storage.swift */; };
		1DB8ED4E2E103601006561BD /* OrderedCollections in Frameworks */ = {isa = PBXBuildFile; productRef = 1DB8ED4D2E103601006561BD /* OrderedCollections */; };
		1DEB7A012DC96783006B6059 /* Essentials in Frameworks */ = {isa = PBXBuildFile; productRef = 1DEB7A002DC96783006B6059 /* Essentials */; };
		1DEB7A022DC96B1B006B6059 /* Essentials in Embed Frameworks */ = {isa = PBXBuildFile; productRef = 1DEB7A002DC96783006B6059 /* Essentials */; settings = {ATTRIBUTES = (CodeSignOnCopy, ); }; };
		1DEEFF572E2CC65C00C4DE37 /* KBoardView.swift in Sources */ = {isa = PBXBuildFile; fileRef = 1DEEFF562E2CC65800C4DE37 /* KBoardView.swift */; };
/* End PBXBuildFile section */

/* Begin PBXCopyFilesBuildPhase section */
		1DEB7A032DC96B1B006B6059 /* Embed Frameworks */ = {
			isa = PBXCopyFilesBuildPhase;
			buildActionMask = 2147483647;
			dstPath = "";
			dstSubfolderSpec = 10;
			files = (
				1DEB7A022DC96B1B006B6059 /* Essentials in Embed Frameworks */,
			);
			name = "Embed Frameworks";
			runOnlyForDeploymentPostprocessing = 0;
		};
/* End PBXCopyFilesBuildPhase section */

/* Begin PBXFileReference section */
		1D0F907F2E360403000AC5FF /* EditableTitle.swift */ = {isa = PBXFileReference; lastKnownFileType = sourcecode.swift; path = EditableTitle.swift; sourceTree = "<group>"; };
		1DB8ED262E10355F006561BD /* KBCardID.swift */ = {isa = PBXFileReference; lastKnownFileType = sourcecode.swift; path = KBCardID.swift; sourceTree = "<group>"; };
		1DB8ED272E10355F006561BD /* KBoardID.swift */ = {isa = PBXFileReference; lastKnownFileType = sourcecode.swift; path = KBoardID.swift; sourceTree = "<group>"; };
		1DB8ED282E10355F006561BD /* KBUserID.swift */ = {isa = PBXFileReference; lastKnownFileType = sourcecode.swift; path = KBUserID.swift; sourceTree = "<group>"; };
		1DB8ED2B2E10355F006561BD /* KBCard.swift */ = {isa = PBXFileReference; lastKnownFileType = sourcecode.swift; path = KBCard.swift; sourceTree = "<group>"; };
		1DB8ED2C2E10355F006561BD /* KBCell.swift */ = {isa = PBXFileReference; lastKnownFileType = sourcecode.swift; path = KBCell.swift; sourceTree = "<group>"; };
		1DB8ED2E2E10355F006561BD /* KBoard.swift */ = {isa = PBXFileReference; lastKnownFileType = sourcecode.swift; path = KBoard.swift; sourceTree = "<group>"; };
		1DB8ED2F2E10355F006561BD /* KBUser.swift */ = {isa = PBXFileReference; lastKnownFileType = sourcecode.swift; path = KBUser.swift; sourceTree = "<group>"; };
		1DB8ED312E10355F006561BD /* Preview Assets.xcassets */ = {isa = PBXFileReference; lastKnownFileType = folder.assetcatalog; path = "Preview Assets.xcassets"; sourceTree = "<group>"; };
		1DB8ED332E10355F006561BD /* KBCardView.swift */ = {isa = PBXFileReference; lastKnownFileType = sourcecode.swift; path = KBCardView.swift; sourceTree = "<group>"; };
		1DB8ED352E10355F006561BD /* Assets.xcassets */ = {isa = PBXFileReference; lastKnownFileType = folder.assetcatalog; path = Assets.xcassets; sourceTree = "<group>"; };
		1DB8ED362E10355F006561BD /* ProjView.swift */ = {isa = PBXFileReference; lastKnownFileType = sourcecode.swift; path = ProjView.swift; sourceTree = "<group>"; };
		1DB8ED372E10355F006561BD /* KanbanBoard.entitlements */ = {isa = PBXFileReference; lastKnownFileType = text.plist.entitlements; path = KanbanBoard.entitlements; sourceTree = "<group>"; };
		1DB8ED382E10355F006561BD /* KanbanBoardApp.swift */ = {isa = PBXFileReference; lastKnownFileType = sourcecode.swift; path = KanbanBoardApp.swift; sourceTree = "<group>"; };
		1DB8ED482E10356C006561BD /* KBoardID.storage.swift */ = {isa = PBXFileReference; lastKnownFileType = sourcecode.swift; path = KBoardID.storage.swift; sourceTree = "<group>"; };
		1DB8ED4A2E1035C4006561BD /* ProjID.storage.swift */ = {isa = PBXFileReference; lastKnownFileType = sourcecode.swift; path = ProjID.storage.swift; sourceTree = "<group>"; };
		1DEB79E02DC96513006B6059 /* KanbanBoard.app */ = {isa = PBXFileReference; explicitFileType = wrapper.application; includeInIndex = 0; path = KanbanBoard.app; sourceTree = BUILT_PRODUCTS_DIR; };
		1DEEFF562E2CC65800C4DE37 /* KBoardView.swift */ = {isa = PBXFileReference; lastKnownFileType = sourcecode.swift; path = KBoardView.swift; sourceTree = "<group>"; };
/* End PBXFileReference section */

/* Begin PBXFrameworksBuildPhase section */
		1DEB79DD2DC96513006B6059 /* Frameworks */ = {
			isa = PBXFrameworksBuildPhase;
			buildActionMask = 2147483647;
			files = (
				1DEB7A012DC96783006B6059 /* Essentials in Frameworks */,
				1DB8ED4E2E103601006561BD /* OrderedCollections in Frameworks */,
				1D0F907B2E310769000AC5FF /* MoreSwiftUI in Frameworks */,
			);
			runOnlyForDeploymentPostprocessing = 0;
		};
/* End PBXFrameworksBuildPhase section */

/* Begin PBXGroup section */
		1DB64EE92E3BFF8300258235 /* Garbage */ = {
			isa = PBXGroup;
			children = (
				1DB8ED332E10355F006561BD /* KBCardView.swift */,
				1DB8ED2C2E10355F006561BD /* KBCell.swift */,
				1DB8ED2F2E10355F006561BD /* KBUser.swift */,
				1DB8ED262E10355F006561BD /* KBCardID.swift */,
				1DB8ED282E10355F006561BD /* KBUserID.swift */,
				1DB8ED2B2E10355F006561BD /* KBCard.swift */,
				1DB8ED2E2E10355F006561BD /* KBoard.swift */,
			);
			path = Garbage;
			sourceTree = "<group>";
		};
		1DB64EEA2E3C02D700258235 /* Entities */ = {
			isa = PBXGroup;
			children = (
				1DB64EEB2E3C02E000258235 /* Storage */,
				1DB8ED272E10355F006561BD /* KBoardID.swift */,
			);
			path = Entities;
			sourceTree = "<group>";
		};
		1DB64EEB2E3C02E000258235 /* Storage */ = {
			isa = PBXGroup;
			children = (
				1DB8ED482E10356C006561BD /* KBoardID.storage.swift */,
				1DB8ED4A2E1035C4006561BD /* ProjID.storage.swift */,
			);
			path = Storage;
			sourceTree = "<group>";
		};
		1DB64EEC2E3C034200258235 /* Scenes */ = {
			isa = PBXGroup;
			children = (
				1DB8ED362E10355F006561BD /* ProjView.swift */,
				1DEEFF562E2CC65800C4DE37 /* KBoardView.swift */,
				1DB64EED2E3C035A00258235 /* HelperViews */,
			);
			path = Scenes;
			sourceTree = "<group>";
		};
		1DB64EED2E3C035A00258235 /* HelperViews */ = {
			isa = PBXGroup;
			children = (
				1D0F907F2E360403000AC5FF /* EditableTitle.swift */,
			);
			path = HelperViews;
			sourceTree = "<group>";
		};
		1DB8ED322E10355F006561BD /* Preview Content */ = {
			isa = PBXGroup;
			children = (
				1DB8ED312E10355F006561BD /* Preview Assets.xcassets */,
			);
			path = "Preview Content";
			sourceTree = "<group>";
		};
		1DB8ED392E10355F006561BD /* KanbanBoard */ = {
			isa = PBXGroup;
			children = (
				1DB8ED382E10355F006561BD /* KanbanBoardApp.swift */,
				1DB64EEA2E3C02D700258235 /* Entities */,
				1DB64EEC2E3C034200258235 /* Scenes */,
				1DB8ED322E10355F006561BD /* Preview Content */,
				1DB64EE92E3BFF8300258235 /* Garbage */,
				1DB8ED352E10355F006561BD /* Assets.xcassets */,
				1DB8ED372E10355F006561BD /* KanbanBoard.entitlements */,
			);
			path = KanbanBoard;
			sourceTree = "<group>";
		};
		1DEB79D72DC96513006B6059 = {
			isa = PBXGroup;
			children = (
				1DB8ED392E10355F006561BD /* KanbanBoard */,
				1DEB79E12DC96513006B6059 /* Products */,
			);
			sourceTree = "<group>";
		};
		1DEB79E12DC96513006B6059 /* Products */ = {
			isa = PBXGroup;
			children = (
				1DEB79E02DC96513006B6059 /* KanbanBoard.app */,
			);
			name = Products;
			sourceTree = "<group>";
		};
/* End PBXGroup section */

/* Begin PBXNativeTarget section */
		1DEB79DF2DC96513006B6059 /* KanbanBoard */ = {
			isa = PBXNativeTarget;
			buildConfigurationList = 1DEB79EF2DC96516006B6059 /* Build configuration list for PBXNativeTarget "KanbanBoard" */;
			buildPhases = (
				1DEB79DC2DC96513006B6059 /* Sources */,
				1DEB79DD2DC96513006B6059 /* Frameworks */,
				1DEB79DE2DC96513006B6059 /* Resources */,
				1DEB7A032DC96B1B006B6059 /* Embed Frameworks */,
			);
			buildRules = (
			);
			dependencies = (
			);
			name = KanbanBoard;
			packageProductDependencies = (
				1DEB7A002DC96783006B6059 /* Essentials */,
				1DB8ED4D2E103601006561BD /* OrderedCollections */,
				1D0F907A2E310769000AC5FF /* MoreSwiftUI */,
			);
			productName = KanbanBoard;
			productReference = 1DEB79E02DC96513006B6059 /* KanbanBoard.app */;
			productType = "com.apple.product-type.application";
		};
/* End PBXNativeTarget section */

/* Begin PBXProject section */
		1DEB79D82DC96513006B6059 /* Project object */ = {
			isa = PBXProject;
			attributes = {
				BuildIndependentTargetsInParallel = 1;
				LastSwiftUpdateCheck = 1620;
				LastUpgradeCheck = 1620;
				TargetAttributes = {
					1DEB79DF2DC96513006B6059 = {
						CreatedOnToolsVersion = 16.2;
					};
				};
			};
			buildConfigurationList = 1DEB79DB2DC96513006B6059 /* Build configuration list for PBXProject "KanbanBoard" */;
			developmentRegion = en;
			hasScannedForEncodings = 0;
			knownRegions = (
				en,
				Base,
			);
			mainGroup = 1DEB79D72DC96513006B6059;
			minimizedProjectReferenceProxies = 1;
			packageReferences = (
				1DEB79FF2DC96783006B6059 /* XCRemoteSwiftPackageReference "essentials" */,
				1DB8ED4C2E103601006561BD /* XCRemoteSwiftPackageReference "swift-collections" */,
				1D0F90792E310769000AC5FF /* XCRemoteSwiftPackageReference "moreswiftui" */,
			);
			preferredProjectObjectVersion = 77;
			productRefGroup = 1DEB79E12DC96513006B6059 /* Products */;
			projectDirPath = "";
			projectRoot = "";
			targets = (
				1DEB79DF2DC96513006B6059 /* KanbanBoard */,
			);
		};
/* End PBXProject section */

/* Begin PBXResourcesBuildPhase section */
		1DEB79DE2DC96513006B6059 /* Resources */ = {
			isa = PBXResourcesBuildPhase;
			buildActionMask = 2147483647;
			files = (
				1DB8ED3A2E10355F006561BD /* Preview Assets.xcassets in Resources */,
				1DB8ED3B2E10355F006561BD /* Assets.xcassets in Resources */,
			);
			runOnlyForDeploymentPostprocessing = 0;
		};
/* End PBXResourcesBuildPhase section */

/* Begin PBXSourcesBuildPhase section */
		1DEB79DC2DC96513006B6059 /* Sources */ = {
			isa = PBXSourcesBuildPhase;
			buildActionMask = 2147483647;
			files = (
				1DB8ED3C2E10355F006561BD /* KBCardID.swift in Sources */,
				1D0F90802E360404000AC5FF /* EditableTitle.swift in Sources */,
				1DB8ED3D2E10355F006561BD /* KBoardID.swift in Sources */,
				1DB8ED3E2E10355F006561BD /* KBUserID.swift in Sources */,
				1DB8ED3F2E10355F006561BD /* KBCard.swift in Sources */,
				1DB8ED402E10355F006561BD /* KBCell.swift in Sources */,
				1DB8ED492E10356E006561BD /* KBoardID.storage.swift in Sources */,
				1DEEFF572E2CC65C00C4DE37 /* KBoardView.swift in Sources */,
				1DB8ED422E10355F006561BD /* KBoard.swift in Sources */,
				1DB8ED432E10355F006561BD /* KBUser.swift in Sources */,
				1DB8ED442E10355F006561BD /* KBCardView.swift in Sources */,
				1DB8ED452E10355F006561BD /* ProjView.swift in Sources */,
				1DB8ED4B2E1035C9006561BD /* ProjID.storage.swift in Sources */,
				1DB8ED462E10355F006561BD /* KanbanBoardApp.swift in Sources */,
			);
			runOnlyForDeploymentPostprocessing = 0;
		};
/* End PBXSourcesBuildPhase section */

/* Begin XCBuildConfiguration section */
		1DEB79ED2DC96516006B6059 /* Debug */ = {
			isa = XCBuildConfiguration;
			buildSettings = {
				ALWAYS_SEARCH_USER_PATHS = NO;
				ASSETCATALOG_COMPILER_GENERATE_SWIFT_ASSET_SYMBOL_EXTENSIONS = YES;
				CLANG_ANALYZER_NONNULL = YES;
				CLANG_ANALYZER_NUMBER_OBJECT_CONVERSION = YES_AGGRESSIVE;
				CLANG_CXX_LANGUAGE_STANDARD = "gnu++20";
				CLANG_ENABLE_MODULES = YES;
				CLANG_ENABLE_OBJC_ARC = YES;
				CLANG_ENABLE_OBJC_WEAK = YES;
				CLANG_WARN_BLOCK_CAPTURE_AUTORELEASING = YES;
				CLANG_WARN_BOOL_CONVERSION = YES;
				CLANG_WARN_COMMA = YES;
				CLANG_WARN_CONSTANT_CONVERSION = YES;
				CLANG_WARN_DEPRECATED_OBJC_IMPLEMENTATIONS = YES;
				CLANG_WARN_DIRECT_OBJC_ISA_USAGE = YES_ERROR;
				CLANG_WARN_DOCUMENTATION_COMMENTS = YES;
				CLANG_WARN_EMPTY_BODY = YES;
				CLANG_WARN_ENUM_CONVERSION = YES;
				CLANG_WARN_INFINITE_RECURSION = YES;
				CLANG_WARN_INT_CONVERSION = YES;
				CLANG_WARN_NON_LITERAL_NULL_CONVERSION = YES;
				CLANG_WARN_OBJC_IMPLICIT_RETAIN_SELF = YES;
				CLANG_WARN_OBJC_LITERAL_CONVERSION = YES;
				CLANG_WARN_OBJC_ROOT_CLASS = YES_ERROR;
				CLANG_WARN_QUOTED_INCLUDE_IN_FRAMEWORK_HEADER = YES;
				CLANG_WARN_RANGE_LOOP_ANALYSIS = YES;
				CLANG_WARN_STRICT_PROTOTYPES = YES;
				CLANG_WARN_SUSPICIOUS_MOVE = YES;
				CLANG_WARN_UNGUARDED_AVAILABILITY = YES_AGGRESSIVE;
				CLANG_WARN_UNREACHABLE_CODE = YES;
				CLANG_WARN__DUPLICATE_METHOD_MATCH = YES;
				COPY_PHASE_STRIP = NO;
				DEBUG_INFORMATION_FORMAT = dwarf;
				ENABLE_STRICT_OBJC_MSGSEND = YES;
				ENABLE_TESTABILITY = YES;
				ENABLE_USER_SCRIPT_SANDBOXING = YES;
				GCC_C_LANGUAGE_STANDARD = gnu17;
				GCC_DYNAMIC_NO_PIC = NO;
				GCC_NO_COMMON_BLOCKS = YES;
				GCC_OPTIMIZATION_LEVEL = 0;
				GCC_PREPROCESSOR_DEFINITIONS = (
					"DEBUG=1",
					"$(inherited)",
				);
				GCC_WARN_64_TO_32_BIT_CONVERSION = YES;
				GCC_WARN_ABOUT_RETURN_TYPE = YES_ERROR;
				GCC_WARN_UNDECLARED_SELECTOR = YES;
				GCC_WARN_UNINITIALIZED_AUTOS = YES_AGGRESSIVE;
				GCC_WARN_UNUSED_FUNCTION = YES;
				GCC_WARN_UNUSED_VARIABLE = YES;
				LOCALIZATION_PREFERS_STRING_CATALOGS = YES;
				MACOSX_DEPLOYMENT_TARGET = 15.2;
				MTL_ENABLE_DEBUG_INFO = INCLUDE_SOURCE;
				MTL_FAST_MATH = YES;
				ONLY_ACTIVE_ARCH = YES;
				SDKROOT = macosx;
				SWIFT_ACTIVE_COMPILATION_CONDITIONS = "DEBUG $(inherited)";
				SWIFT_OPTIMIZATION_LEVEL = "-Onone";
			};
			name = Debug;
		};
		1DEB79EE2DC96516006B6059 /* Release */ = {
			isa = XCBuildConfiguration;
			buildSettings = {
				ALWAYS_SEARCH_USER_PATHS = NO;
				ASSETCATALOG_COMPILER_GENERATE_SWIFT_ASSET_SYMBOL_EXTENSIONS = YES;
				CLANG_ANALYZER_NONNULL = YES;
				CLANG_ANALYZER_NUMBER_OBJECT_CONVERSION = YES_AGGRESSIVE;
				CLANG_CXX_LANGUAGE_STANDARD = "gnu++20";
				CLANG_ENABLE_MODULES = YES;
				CLANG_ENABLE_OBJC_ARC = YES;
				CLANG_ENABLE_OBJC_WEAK = YES;
				CLANG_WARN_BLOCK_CAPTURE_AUTORELEASING = YES;
				CLANG_WARN_BOOL_CONVERSION = YES;
				CLANG_WARN_COMMA = YES;
				CLANG_WARN_CONSTANT_CONVERSION = YES;
				CLANG_WARN_DEPRECATED_OBJC_IMPLEMENTATIONS = YES;
				CLANG_WARN_DIRECT_OBJC_ISA_USAGE = YES_ERROR;
				CLANG_WARN_DOCUMENTATION_COMMENTS = YES;
				CLANG_WARN_EMPTY_BODY = YES;
				CLANG_WARN_ENUM_CONVERSION = YES;
				CLANG_WARN_INFINITE_RECURSION = YES;
				CLANG_WARN_INT_CONVERSION = YES;
				CLANG_WARN_NON_LITERAL_NULL_CONVERSION = YES;
				CLANG_WARN_OBJC_IMPLICIT_RETAIN_SELF = YES;
				CLANG_WARN_OBJC_LITERAL_CONVERSION = YES;
				CLANG_WARN_OBJC_ROOT_CLASS = YES_ERROR;
				CLANG_WARN_QUOTED_INCLUDE_IN_FRAMEWORK_HEADER = YES;
				CLANG_WARN_RANGE_LOOP_ANALYSIS = YES;
				CLANG_WARN_STRICT_PROTOTYPES = YES;
				CLANG_WARN_SUSPICIOUS_MOVE = YES;
				CLANG_WARN_UNGUARDED_AVAILABILITY = YES_AGGRESSIVE;
				CLANG_WARN_UNREACHABLE_CODE = YES;
				CLANG_WARN__DUPLICATE_METHOD_MATCH = YES;
				COPY_PHASE_STRIP = NO;
				DEBUG_INFORMATION_FORMAT = "dwarf-with-dsym";
				ENABLE_NS_ASSERTIONS = NO;
				ENABLE_STRICT_OBJC_MSGSEND = YES;
				ENABLE_USER_SCRIPT_SANDBOXING = YES;
				GCC_C_LANGUAGE_STANDARD = gnu17;
				GCC_NO_COMMON_BLOCKS = YES;
				GCC_WARN_64_TO_32_BIT_CONVERSION = YES;
				GCC_WARN_ABOUT_RETURN_TYPE = YES_ERROR;
				GCC_WARN_UNDECLARED_SELECTOR = YES;
				GCC_WARN_UNINITIALIZED_AUTOS = YES_AGGRESSIVE;
				GCC_WARN_UNUSED_FUNCTION = YES;
				GCC_WARN_UNUSED_VARIABLE = YES;
				LOCALIZATION_PREFERS_STRING_CATALOGS = YES;
				MACOSX_DEPLOYMENT_TARGET = 15.2;
				MTL_ENABLE_DEBUG_INFO = NO;
				MTL_FAST_MATH = YES;
				SDKROOT = macosx;
				SWIFT_COMPILATION_MODE = wholemodule;
			};
			name = Release;
		};
		1DEB79F02DC96516006B6059 /* Debug */ = {
			isa = XCBuildConfiguration;
			buildSettings = {
				ASSETCATALOG_COMPILER_APPICON_NAME = AppIcon;
				ASSETCATALOG_COMPILER_GLOBAL_ACCENT_COLOR_NAME = AccentColor;
				CODE_SIGN_ENTITLEMENTS = KanbanBoard/KanbanBoard.entitlements;
				CODE_SIGN_STYLE = Automatic;
				COMBINE_HIDPI_IMAGES = YES;
				CURRENT_PROJECT_VERSION = 1;
				DEVELOPMENT_ASSET_PATHS = "\"KanbanBoard/Preview Content\"";
				DEVELOPMENT_TEAM = RPH4S2457V;
				ENABLE_HARDENED_RUNTIME = YES;
				ENABLE_PREVIEWS = YES;
				GENERATE_INFOPLIST_FILE = YES;
				INFOPLIST_KEY_NSHumanReadableCopyright = "";
				LD_RUNPATH_SEARCH_PATHS = (
					"$(inherited)",
					"@executable_path/../Frameworks",
				);
				MACOSX_DEPLOYMENT_TARGET = 14.0;
				MARKETING_VERSION = 1.0;
				PRODUCT_BUNDLE_IDENTIFIER = com.chekaZuja.KanbanBoard;
				PRODUCT_NAME = "$(TARGET_NAME)";
				SWIFT_EMIT_LOC_STRINGS = YES;
				SWIFT_VERSION = 5.0;
			};
			name = Debug;
		};
		1DEB79F12DC96516006B6059 /* Release */ = {
			isa = XCBuildConfiguration;
			buildSettings = {
				ASSETCATALOG_COMPILER_APPICON_NAME = AppIcon;
				ASSETCATALOG_COMPILER_GLOBAL_ACCENT_COLOR_NAME = AccentColor;
				CODE_SIGN_ENTITLEMENTS = KanbanBoard/KanbanBoard.entitlements;
				CODE_SIGN_STYLE = Automatic;
				COMBINE_HIDPI_IMAGES = YES;
				CURRENT_PROJECT_VERSION = 1;
				DEVELOPMENT_ASSET_PATHS = "\"KanbanBoard/Preview Content\"";
				DEVELOPMENT_TEAM = RPH4S2457V;
				ENABLE_HARDENED_RUNTIME = YES;
				ENABLE_PREVIEWS = YES;
				GENERATE_INFOPLIST_FILE = YES;
				INFOPLIST_KEY_NSHumanReadableCopyright = "";
				LD_RUNPATH_SEARCH_PATHS = (
					"$(inherited)",
					"@executable_path/../Frameworks",
				);
				MACOSX_DEPLOYMENT_TARGET = 14.0;
				MARKETING_VERSION = 1.0;
				PRODUCT_BUNDLE_IDENTIFIER = com.chekaZuja.KanbanBoard;
				PRODUCT_NAME = "$(TARGET_NAME)";
				SWIFT_EMIT_LOC_STRINGS = YES;
				SWIFT_VERSION = 5.0;
			};
			name = Release;
		};
/* End XCBuildConfiguration section */

/* Begin XCConfigurationList section */
		1DEB79DB2DC96513006B6059 /* Build configuration list for PBXProject "KanbanBoard" */ = {
			isa = XCConfigurationList;
			buildConfigurations = (
				1DEB79ED2DC96516006B6059 /* Debug */,
				1DEB79EE2DC96516006B6059 /* Release */,
			);
			defaultConfigurationIsVisible = 0;
			defaultConfigurationName = Release;
		};
		1DEB79EF2DC96516006B6059 /* Build configuration list for PBXNativeTarget "KanbanBoard" */ = {
			isa = XCConfigurationList;
			buildConfigurations = (
				1DEB79F02DC96516006B6059 /* Debug */,
				1DEB79F12DC96516006B6059 /* Release */,
			);
			defaultConfigurationIsVisible = 0;
			defaultConfigurationName = Release;
		};
/* End XCConfigurationList section */

/* Begin XCRemoteSwiftPackageReference section */
		1D0F90792E310769000AC5FF /* XCRemoteSwiftPackageReference "moreswiftui" */ = {
			isa = XCRemoteSwiftPackageReference;
			repositoryURL = "https://gitlab.com/UKS/moreswiftui.git";
			requirement = {
				branch = main;
				kind = branch;
			};
		};
		1DB8ED4C2E103601006561BD /* XCRemoteSwiftPackageReference "swift-collections" */ = {
			isa = XCRemoteSwiftPackageReference;
			repositoryURL = "https://github.com/apple/swift-collections.git";
			requirement = {
				kind = upToNextMajorVersion;
				minimumVersion = 1.2.0;
			};
		};
		1DEB79FF2DC96783006B6059 /* XCRemoteSwiftPackageReference "essentials" */ = {
			isa = XCRemoteSwiftPackageReference;
			repositoryURL = "https://gitlab.com/sergiy.vynnychenko/essentials.git";
			requirement = {
				branch = master;
				kind = branch;
			};
		};
/* End XCRemoteSwiftPackageReference section */

/* Begin XCSwiftPackageProductDependency section */
		1D0F907A2E310769000AC5FF /* MoreSwiftUI */ = {
			isa = XCSwiftPackageProductDependency;
			package = 1D0F90792E310769000AC5FF /* XCRemoteSwiftPackageReference "moreswiftui" */;
			productName = MoreSwiftUI;
		};
		1DB8ED4D2E103601006561BD /* OrderedCollections */ = {
			isa = XCSwiftPackageProductDependency;
			package = 1DB8ED4C2E103601006561BD /* XCRemoteSwiftPackageReference "swift-collections" */;
			productName = OrderedCollections;
		};
		1DEB7A002DC96783006B6059 /* Essentials */ = {
			isa = XCSwiftPackageProductDependency;
			package = 1DEB79FF2DC96783006B6059 /* XCRemoteSwiftPackageReference "essentials" */;
			productName = Essentials;
		};
/* End XCSwiftPackageProductDependency section */
	};
	rootObject = 1DEB79D82DC96513006B6059 /* Project object */;
}
